name: Update package-lock.json

on:
  workflow_dispatch:

jobs:
  update:
    runs-on: ubuntu-latest
    steps:
      - uses: actions/checkout@v4
      - uses: actions/setup-node@v4
        with:
          node-version: 22
      - run: npm install
      - run: |
          git config --local user.email "action@github.com"
          git config --local user.name "GitHub Action"
          git add package-lock.json
          git commit -m "Update package-lock.json" || echo "No changes"
          git push
